{
  "requires": true,
  "lockfileVersion": 1,
  "dependencies": {
    "@contentful/rich-text-html-renderer": {
      "version": "14.1.2",
      "resolved": "https://registry.npmjs.org/@contentful/rich-text-html-renderer/-/rich-text-html-renderer-14.1.2.tgz",
      "integrity": "sha512-WdIr+WsaOCALMykW7RG8Cy4JTzQwhVgy+86V9AgKm8pRT3L7d5Qx88VGQTmMh6JgtYyKbOJzKm8fGgKPKHz4TA==",
      "requires": {
        "@contentful/rich-text-types": "^14.1.2",
        "escape-html": "^1.0.3"
      }
    },
    "@contentful/rich-text-types": {
      "version": "14.1.2",
      "resolved": "https://registry.npmjs.org/@contentful/rich-text-types/-/rich-text-types-14.1.2.tgz",
      "integrity": "sha512-XbgZ7op5uyYYszipgQg/bYobF4b+llXyTwS8hISRniQY9xKESz544eP2OGmRc4J3MHx29M7Vmx7TVA/IK65giQ=="
    },
    "escape-html": {
      "version": "1.0.3",
      "resolved": "https://registry.npmjs.org/escape-html/-/escape-html-1.0.3.tgz",
      "integrity": "sha1-Aljq5NPQwJdN4cFpGI7wBR0dGYg="
    }
  }
}
